
Microsoft Visual Studio Solution File, Format Version 12.00
# Visual Studio Version 17
VisualStudioVersion = 17.5.33530.505
MinimumVisualStudioVersion = 10.0.40219.1
Project("{FAE04EC0-301F-11D3-BF4B-00C04F79EFBC}") = "SafeContractorApp", "SafeContractorApp.csproj", "{B0F118AF-7E8C-436E-830E-E9199ED60C0C}"
EndProject
Global
	GlobalSection(SolutionConfigurationPlatforms) = preSolution
		Debug|Any CPU = Debug|Any CPU
		Release|Any CPU = Release|Any CPU
	EndGlobalSection
	GlobalSection(ProjectConfigurationPlatforms) = postSolution
		{B0F118AF-7E8C-436E-830E-E9199ED60C0C}.Debug|Any CPU.ActiveCfg = Debug|Any CPU
		{B0F118AF-7E8C-436E-830E-E9199ED60C0C}.Debug|Any CPU.Build.0 = Debug|Any CPU
		{B0F118AF-7E8C-436E-830E-E9199ED60C0C}.Release|Any CPU.ActiveCfg = Release|Any CPU
		{B0F118AF-7E8C-436E-830E-E9199ED60C0C}.Release|Any CPU.Build.0 = Release|Any CPU
	EndGlobalSection
	GlobalSection(SolutionProperties) = preSolution
		HideSolutionNode = FALSE
	EndGlobalSection
	GlobalSection(ExtensibilityGlobals) = postSolution
		SolutionGuid = {91A1BE2A-CA4D-416D-950F-A7407334828E}
	EndGlobalSection
EndGlobal
